
Microsoft Visual Studio Solution File, Format Version 12.00
# Visual Studio 15
VisualStudioVersion = 15.0.28307.1831
MinimumVisualStudioVersion = 10.0.40219.1
Project("{FAE04EC0-301F-11D3-BF4B-00C04F79EFBC}") = "FetchDataFromAWS", "FetchDataFromAWS\FetchDataFromAWS.csproj", "{58422F09-A212-460A-AF40-12A4323AAF1D}"
EndProject
Global
	GlobalSection(SolutionConfigurationPlatforms) = preSolution
		Debug|Any CPU = Debug|Any CPU
		Release|Any CPU = Release|Any CPU
	EndGlobalSection
	GlobalSection(ProjectConfigurationPlatforms) = postSolution
		{58422F09-A212-460A-AF40-12A4323AAF1D}.Debug|Any CPU.ActiveCfg = Debug|Any CPU
		{58422F09-A212-460A-AF40-12A4323AAF1D}.Debug|Any CPU.Build.0 = Debug|Any CPU
		{58422F09-A212-460A-AF40-12A4323AAF1D}.Release|Any CPU.ActiveCfg = Release|Any CPU
		{58422F09-A212-460A-AF40-12A4323AAF1D}.Release|Any CPU.Build.0 = Release|Any CPU
	EndGlobalSection
	GlobalSection(SolutionProperties) = preSolution
		HideSolutionNode = FALSE
	EndGlobalSection
	GlobalSection(ExtensibilityGlobals) = postSolution
		SolutionGuid = {7003F1C6-C499-4597-84C1-176660D0C9DD}
	EndGlobalSection
EndGlobal
